// !$*UTF8*$!
{
	archiveVersion = 1;
	classes = {
	};
	objectVersion = 46;
	objects = {

/* Begin PBXBuildFile section */
		0C153D26FF8CE69E2EBCF2DF /* Pods_Firebase_Test_1.framework in Frameworks */ = {isa = PBXBuildFile; fileRef = A1370BF124AEC27C5311E09E /* Pods_Firebase_Test_1.framework */; };
		7461015F123B62BAEA9ECAB3 /* Pods_Firebase_Test_1UITests.framework in Frameworks */ = {isa = PBXBuildFile; fileRef = 168FD0C4C5E541F7CBE9E3BB /* Pods_Firebase_Test_1UITests.framework */; };
		B25EDA36D0F9CAA1248B66F3 /* Pods_Firebase_Test_1Tests.framework in Frameworks */ = {isa = PBXBuildFile; fileRef = 62CF0BB7931F0CF8765FB8A3 /* Pods_Firebase_Test_1Tests.framework */; };
		B99DB7B51D19C1A50027C97A /* AppDelegate.swift in Sources */ = {isa = PBXBuildFile; fileRef = B99DB7B41D19C1A50027C97A /* AppDelegate.swift */; };
		B99DB7B71D19C1A50027C97A /* ViewController.swift in Sources */ = {isa = PBXBuildFile; fileRef = B99DB7B61D19C1A50027C97A /* ViewController.swift */; };
		B99DB7BA1D19C1A50027C97A /* Main.storyboard in Resources */ = {isa = PBXBuildFile; fileRef = B99DB7B81D19C1A50027C97A /* Main.storyboard */; };
		B99DB7BC1D19C1A50027C97A /* Assets.xcassets in Resources */ = {isa = PBXBuildFile; fileRef = B99DB7BB1D19C1A50027C97A /* Assets.xcassets */; };
		B99DB7BF1D19C1A50027C97A /* LaunchScreen.storyboard in Resources */ = {isa = PBXBuildFile; fileRef = B99DB7BD1D19C1A50027C97A /* LaunchScreen.storyboard */; };
		B99DB7CA1D19C1A50027C97A /* Firebase_Test_1Tests.swift in Sources */ = {isa = PBXBuildFile; fileRef = B99DB7C91D19C1A50027C97A /* Firebase_Test_1Tests.swift */; };
		B99DB7D51D19C1A50027C97A /* Firebase_Test_1UITests.swift in Sources */ = {isa = PBXBuildFile; fileRef = B99DB7D41D19C1A50027C97A /* Firebase_Test_1UITests.swift */; };
		B99DB7E31D19C25A0027C97A /* GoogleService-Info.plist in Resources */ = {isa = PBXBuildFile; fileRef = B99DB7E21D19C25A0027C97A /* GoogleService-Info.plist */; };
/* End PBXBuildFile section */

/* Begin PBXContainerItemProxy section */
		B99DB7C61D19C1A50027C97A /* PBXContainerItemProxy */ = {
			isa = PBXContainerItemProxy;
			containerPortal = B99DB7A91D19C1A50027C97A /* Project object */;
			proxyType = 1;
			remoteGlobalIDString = B99DB7B01D19C1A50027C97A;
			remoteInfo = "Firebase Test 1";
		};
		B99DB7D11D19C1A50027C97A /* PBXContainerItemProxy */ = {
			isa = PBXContainerItemProxy;
			containerPortal = B99DB7A91D19C1A50027C97A /* Project object */;
			proxyType = 1;
			remoteGlobalIDString = B99DB7B01D19C1A50027C97A;
			remoteInfo = "Firebase Test 1";
		};
/* End PBXContainerItemProxy section */

/* Begin PBXFileReference section */
		168FD0C4C5E541F7CBE9E3BB /* Pods_Firebase_Test_1UITests.framework */ = {isa = PBXFileReference; explicitFileType = wrapper.framework; includeInIndex = 0; path = Pods_Firebase_Test_1UITests.framework; sourceTree = BUILT_PRODUCTS_DIR; };
		298272A7E6CBD2C64242337F /* Pods-Firebase Test 1Tests.release.xcconfig */ = {isa = PBXFileReference; includeInIndex = 1; lastKnownFileType = text.xcconfig; name = "Pods-Firebase Test 1Tests.release.xcconfig"; path = "Pods/Target Support Files/Pods-Firebase Test 1Tests/Pods-Firebase Test 1Tests.release.xcconfig"; sourceTree = "<group>"; };
		49811707204845B94F575897 /* Pods-Firebase Test 1UITests.release.xcconfig */ = {isa = PBXFileReference; includeInIndex = 1; lastKnownFileType = text.xcconfig; name = "Pods-Firebase Test 1UITests.release.xcconfig"; path = "Pods/Target Support Files/Pods-Firebase Test 1UITests/Pods-Firebase Test 1UITests.release.xcconfig"; sourceTree = "<group>"; };
		62CF0BB7931F0CF8765FB8A3 /* Pods_Firebase_Test_1Tests.framework */ = {isa = PBXFileReference; explicitFileType = wrapper.framework; includeInIndex = 0; path = Pods_Firebase_Test_1Tests.framework; sourceTree = BUILT_PRODUCTS_DIR; };
		A1370BF124AEC27C5311E09E /* Pods_Firebase_Test_1.framework */ = {isa = PBXFileReference; explicitFileType = wrapper.framework; includeInIndex = 0; path = Pods_Firebase_Test_1.framework; sourceTree = BUILT_PRODUCTS_DIR; };
		A142F834905871EB7C676D89 /* Pods-Firebase Test 1UITests.debug.xcconfig */ = {isa = PBXFileReference; includeInIndex = 1; lastKnownFileType = text.xcconfig; name = "Pods-Firebase Test 1UITests.debug.xcconfig"; path = "Pods/Target Support Files/Pods-Firebase Test 1UITests/Pods-Firebase Test 1UITests.debug.xcconfig"; sourceTree = "<group>"; };
		ADA368B61BE452125D0823B3 /* Pods-Firebase Test 1.debug.xcconfig */ = {isa = PBXFileReference; includeInIndex = 1; lastKnownFileType = text.xcconfig; name = "Pods-Firebase Test 1.debug.xcconfig"; path = "Pods/Target Support Files/Pods-Firebase Test 1/Pods-Firebase Test 1.debug.xcconfig"; sourceTree = "<group>"; };
		B99DB7B11D19C1A50027C97A /* Firebase Test 1.app */ = {isa = PBXFileReference; explicitFileType = wrapper.application; includeInIndex = 0; path = "Firebase Test 1.app"; sourceTree = BUILT_PRODUCTS_DIR; };
		B99DB7B41D19C1A50027C97A /* AppDelegate.swift */ = {isa = PBXFileReference; lastKnownFileType = sourcecode.swift; path = AppDelegate.swift; sourceTree = "<group>"; };
		B99DB7B61D19C1A50027C97A /* ViewController.swift */ = {isa = PBXFileReference; lastKnownFileType = sourcecode.swift; path = ViewController.swift; sourceTree = "<group>"; };
		B99DB7B91D19C1A50027C97A /* Base */ = {isa = PBXFileReference; lastKnownFileType = file.storyboard; name = Base; path = Base.lproj/Main.storyboard; sourceTree = "<group>"; };
		B99DB7BB1D19C1A50027C97A /* Assets.xcassets */ = {isa = PBXFileReference; lastKnownFileType = folder.assetcatalog; path = Assets.xcassets; sourceTree = "<group>"; };
		B99DB7BE1D19C1A50027C97A /* Base */ = {isa = PBXFileReference; lastKnownFileType = file.storyboard; name = Base; path = Base.lproj/LaunchScreen.storyboard; sourceTree = "<group>"; };
		B99DB7C01D19C1A50027C97A /* Info.plist */ = {isa = PBXFileReference; lastKnownFileType = text.plist.xml; path = Info.plist; sourceTree = "<group>"; };
		B99DB7C51D19C1A50027C97A /* Firebase Test 1Tests.xctest */ = {isa = PBXFileReference; explicitFileType = wrapper.cfbundle; includeInIndex = 0; path = "Firebase Test 1Tests.xctest"; sourceTree = BUILT_PRODUCTS_DIR; };
		B99DB7C91D19C1A50027C97A /* Firebase_Test_1Tests.swift */ = {isa = PBXFileReference; lastKnownFileType = sourcecode.swift; path = Firebase_Test_1Tests.swift; sourceTree = "<group>"; };
		B99DB7CB1D19C1A50027C97A /* Info.plist */ = {isa = PBXFileReference; lastKnownFileType = text.plist.xml; path = Info.plist; sourceTree = "<group>"; };
		B99DB7D01D19C1A50027C97A /* Firebase Test 1UITests.xctest */ = {isa = PBXFileReference; explicitFileType = wrapper.cfbundle; includeInIndex = 0; path = "Firebase Test 1UITests.xctest"; sourceTree = BUILT_PRODUCTS_DIR; };
		B99DB7D41D19C1A50027C97A /* Firebase_Test_1UITests.swift */ = {isa = PBXFileReference; lastKnownFileType = sourcecode.swift; path = Firebase_Test_1UITests.swift; sourceTree = "<group>"; };
		B99DB7D61D19C1A50027C97A /* Info.plist */ = {isa = PBXFileReference; lastKnownFileType = text.plist.xml; path = Info.plist; sourceTree = "<group>"; };
		B99DB7E21D19C25A0027C97A /* GoogleService-Info.plist */ = {isa = PBXFileReference; fileEncoding = 4; lastKnownFileType = text.plist.xml; path = "GoogleService-Info.plist"; sourceTree = "<group>"; };
		CF5994B23BFF3FDCB3F560E7 /* Pods-Firebase Test 1.release.xcconfig */ = {isa = PBXFileReference; includeInIndex = 1; lastKnownFileType = text.xcconfig; name = "Pods-Firebase Test 1.release.xcconfig"; path = "Pods/Target Support Files/Pods-Firebase Test 1/Pods-Firebase Test 1.release.xcconfig"; sourceTree = "<group>"; };
		DE65F5F2F796DAB5CD4C351F /* Pods-Firebase Test 1Tests.debug.xcconfig */ = {isa = PBXFileReference; includeInIndex = 1; lastKnownFileType = text.xcconfig; name = "Pods-Firebase Test 1Tests.debug.xcconfig"; path = "Pods/Target Support Files/Pods-Firebase Test 1Tests/Pods-Firebase Test 1Tests.debug.xcconfig"; sourceTree = "<group>"; };
/* End PBXFileReference section */

/* Begin PBXFrameworksBuildPhase section */
		B99DB7AE1D19C1A50027C97A /* Frameworks */ = {
			isa = PBXFrameworksBuildPhase;
			buildActionMask = 2147483647;
			files = (
				0C153D26FF8CE69E2EBCF2DF /* Pods_Firebase_Test_1.framework in Frameworks */,
			);
			runOnlyForDeploymentPostprocessing = 0;
		};
		B99DB7C21D19C1A50027C97A /* Frameworks */ = {
			isa = PBXFrameworksBuildPhase;
			buildActionMask = 2147483647;
			files = (
				B25EDA36D0F9CAA1248B66F3 /* Pods_Firebase_Test_1Tests.framework in Frameworks */,
			);
			runOnlyForDeploymentPostprocessing = 0;
		};
		B99DB7CD1D19C1A50027C97A /* Frameworks */ = {
			isa = PBXFrameworksBuildPhase;
			buildActionMask = 2147483647;
			files = (
				7461015F123B62BAEA9ECAB3 /* Pods_Firebase_Test_1UITests.framework in Frameworks */,
			);
			runOnlyForDeploymentPostprocessing = 0;
		};
/* End PBXFrameworksBuildPhase section */

/* Begin PBXGroup section */
		75A58CBF2CBB294A52BB7690 /* Frameworks */ = {
			isa = PBXGroup;
			children = (
				A1370BF124AEC27C5311E09E /* Pods_Firebase_Test_1.framework */,
				62CF0BB7931F0CF8765FB8A3 /* Pods_Firebase_Test_1Tests.framework */,
				168FD0C4C5E541F7CBE9E3BB /* Pods_Firebase_Test_1UITests.framework */,
			);
			name = Frameworks;
			sourceTree = "<group>";
		};
		B99DB7A81D19C1A50027C97A = {
			isa = PBXGroup;
			children = (
				B99DB7B31D19C1A50027C97A /* Firebase Test 1 */,
				B99DB7C81D19C1A50027C97A /* Firebase Test 1Tests */,
				B99DB7D31D19C1A50027C97A /* Firebase Test 1UITests */,
				B99DB7B21D19C1A50027C97A /* Products */,
				E9B820CC2672F4611B1188A1 /* Pods */,
				75A58CBF2CBB294A52BB7690 /* Frameworks */,
			);
			sourceTree = "<group>";
		};
		B99DB7B21D19C1A50027C97A /* Products */ = {
			isa = PBXGroup;
			children = (
				B99DB7B11D19C1A50027C97A /* Firebase Test 1.app */,
				B99DB7C51D19C1A50027C97A /* Firebase Test 1Tests.xctest */,
				B99DB7D01D19C1A50027C97A /* Firebase Test 1UITests.xctest */,
			);
			name = Products;
			sourceTree = "<group>";
		};
		B99DB7B31D19C1A50027C97A /* Firebase Test 1 */ = {
			isa = PBXGroup;
			children = (
				B99DB7B41D19C1A50027C97A /* AppDelegate.swift */,
				B99DB7B61D19C1A50027C97A /* ViewController.swift */,
				B99DB7B81D19C1A50027C97A /* Main.storyboard */,
				B99DB7BB1D19C1A50027C97A /* Assets.xcassets */,
				B99DB7BD1D19C1A50027C97A /* LaunchScreen.storyboard */,
				B99DB7C01D19C1A50027C97A /* Info.plist */,
				B99DB7E21D19C25A0027C97A /* GoogleService-Info.plist */,
			);
			path = "Firebase Test 1";
			sourceTree = "<group>";
		};
		B99DB7C81D19C1A50027C97A /* Firebase Test 1Tests */ = {
			isa = PBXGroup;
			children = (
				B99DB7C91D19C1A50027C97A /* Firebase_Test_1Tests.swift */,
				B99DB7CB1D19C1A50027C97A /* Info.plist */,
			);
			path = "Firebase Test 1Tests";
			sourceTree = "<group>";
		};
		B99DB7D31D19C1A50027C97A /* Firebase Test 1UITests */ = {
			isa = PBXGroup;
			children = (
				B99DB7D41D19C1A50027C97A /* Firebase_Test_1UITests.swift */,
				B99DB7D61D19C1A50027C97A /* Info.plist */,
			);
			path = "Firebase Test 1UITests";
			sourceTree = "<group>";
		};
		E9B820CC2672F4611B1188A1 /* Pods */ = {
			isa = PBXGroup;
			children = (
				ADA368B61BE452125D0823B3 /* Pods-Firebase Test 1.debug.xcconfig */,
				CF5994B23BFF3FDCB3F560E7 /* Pods-Firebase Test 1.release.xcconfig */,
				DE65F5F2F796DAB5CD4C351F /* Pods-Firebase Test 1Tests.debug.xcconfig */,
				298272A7E6CBD2C64242337F /* Pods-Firebase Test 1Tests.release.xcconfig */,
				A142F834905871EB7C676D89 /* Pods-Firebase Test 1UITests.debug.xcconfig */,
				49811707204845B94F575897 /* Pods-Firebase Test 1UITests.release.xcconfig */,
			);
			name = Pods;
			sourceTree = "<group>";
		};
/* End PBXGroup section */

/* Begin PBXNativeTarget section */
		B99DB7B01D19C1A50027C97A /* Firebase Test 1 */ = {
			isa = PBXNativeTarget;
			buildConfigurationList = B99DB7D91D19C1A50027C97A /* Build configuration list for PBXNativeTarget "Firebase Test 1" */;
			buildPhases = (
				1463ABE637D9F2171D556290 /* [CP] Check Pods Manifest.lock */,
				B99DB7AD1D19C1A50027C97A /* Sources */,
				B99DB7AE1D19C1A50027C97A /* Frameworks */,
				B99DB7AF1D19C1A50027C97A /* Resources */,
				188C8F907E33846644757FAE /* [CP] Embed Pods Frameworks */,
				8B9B18592E1E20A2FFEC3B75 /* [CP] Copy Pods Resources */,
			);
			buildRules = (
			);
			dependencies = (
			);
			name = "Firebase Test 1";
			productName = "Firebase Test 1";
			productReference = B99DB7B11D19C1A50027C97A /* Firebase Test 1.app */;
			productType = "com.apple.product-type.application";
		};
		B99DB7C41D19C1A50027C97A /* Firebase Test 1Tests */ = {
			isa = PBXNativeTarget;
			buildConfigurationList = B99DB7DC1D19C1A50027C97A /* Build configuration list for PBXNativeTarget "Firebase Test 1Tests" */;
			buildPhases = (
				7BF0D524BFF69BA1EDF336D1 /* [CP] Check Pods Manifest.lock */,
				B99DB7C11D19C1A50027C97A /* Sources */,
				B99DB7C21D19C1A50027C97A /* Frameworks */,
				B99DB7C31D19C1A50027C97A /* Resources */,
				B508D2116C0F3DBB6E9320F5 /* [CP] Embed Pods Frameworks */,
				3EC843A5A3A5C3475E364992 /* [CP] Copy Pods Resources */,
			);
			buildRules = (
			);
			dependencies = (
				B99DB7C71D19C1A50027C97A /* PBXTargetDependency */,
			);
			name = "Firebase Test 1Tests";
			productName = "Firebase Test 1Tests";
			productReference = B99DB7C51D19C1A50027C97A /* Firebase Test 1Tests.xctest */;
			productType = "com.apple.product-type.bundle.unit-test";
		};
		B99DB7CF1D19C1A50027C97A /* Firebase Test 1UITests */ = {
			isa = PBXNativeTarget;
			buildConfigurationList = B99DB7DF1D19C1A50027C97A /* Build configuration list for PBXNativeTarget "Firebase Test 1UITests" */;
			buildPhases = (
				8F820B4DF2E058F2619FD486 /* [CP] Check Pods Manifest.lock */,
				B99DB7CC1D19C1A50027C97A /* Sources */,
				B99DB7CD1D19C1A50027C97A /* Frameworks */,
				B99DB7CE1D19C1A50027C97A /* Resources */,
				B2D12153525BD48B33788405 /* [CP] Copy Pods Resources */,
			);
			buildRules = (
			);
			dependencies = (
				B99DB7D21D19C1A50027C97A /* PBXTargetDependency */,
			);
			name = "Firebase Test 1UITests";
			productName = "Firebase Test 1UITests";
			productReference = B99DB7D01D19C1A50027C97A /* Firebase Test 1UITests.xctest */;
			productType = "com.apple.product-type.bundle.ui-testing";
		};
/* End PBXNativeTarget section */

/* Begin PBXProject section */
		B99DB7A91D19C1A50027C97A /* Project object */ = {
			isa = PBXProject;
			attributes = {
				LastSwiftUpdateCheck = 0730;
				LastUpgradeCheck = 0730;
				ORGANIZATIONNAME = yn;
				TargetAttributes = {
					B99DB7B01D19C1A50027C97A = {
						CreatedOnToolsVersion = 7.3.1;
						DevelopmentTeam = PS4J623R9P;
					};
					B99DB7C41D19C1A50027C97A = {
						CreatedOnToolsVersion = 7.3.1;
						TestTargetID = B99DB7B01D19C1A50027C97A;
					};
					B99DB7CF1D19C1A50027C97A = {
						CreatedOnToolsVersion = 7.3.1;
						TestTargetID = B99DB7B01D19C1A50027C97A;
					};
				};
			};
			buildConfigurationList = B99DB7AC1D19C1A50027C97A /* Build configuration list for PBXProject "Firebase Test 1" */;
			compatibilityVersion = "Xcode 3.2";
			developmentRegion = English;
			hasScannedForEncodings = 0;
			knownRegions = (
				en,
				Base,
			);
			mainGroup = B99DB7A81D19C1A50027C97A;
			productRefGroup = B99DB7B21D19C1A50027C97A /* Products */;
			projectDirPath = "";
			projectRoot = "";
			targets = (
				B99DB7B01D19C1A50027C97A /* Firebase Test 1 */,
				B99DB7C41D19C1A50027C97A /* Firebase Test 1Tests */,
				B99DB7CF1D19C1A50027C97A /* Firebase Test 1UITests */,
			);
		};
/* End PBXProject section */

/* Begin PBXResourcesBuildPhase section */
		B99DB7AF1D19C1A50027C97A /* Resources */ = {
			isa = PBXResourcesBuildPhase;
			buildActionMask = 2147483647;
			files = (
				B99DB7BF1D19C1A50027C97A /* LaunchScreen.storyboard in Resources */,
				B99DB7E31D19C25A0027C97A /* GoogleService-Info.plist in Resources */,
				B99DB7BC1D19C1A50027C97A /* Assets.xcassets in Resources */,
				B99DB7BA1D19C1A50027C97A /* Main.storyboard in Resources */,
			);
			runOnlyForDeploymentPostprocessing = 0;
		};
		B99DB7C31D19C1A50027C97A /* Resources */ = {
			isa = PBXResourcesBuildPhase;
			buildActionMask = 2147483647;
			files = (
			);
			runOnlyForDeploymentPostprocessing = 0;
		};
		B99DB7CE1D19C1A50027C97A /* Resources */ = {
			isa = PBXResourcesBuildPhase;
			buildActionMask = 2147483647;
			files = (
			);
			runOnlyForDeploymentPostprocessing = 0;
		};
/* End PBXResourcesBuildPhase section */

/* Begin PBXShellScriptBuildPhase section */
		1463ABE637D9F2171D556290 /* [CP] Check Pods Manifest.lock */ = {
			isa = PBXShellScriptBuildPhase;
			buildActionMask = 2147483647;
			files = (
			);
			inputPaths = (
			);
			name = "[CP] Check Pods Manifest.lock";
			outputPaths = (
			);
			runOnlyForDeploymentPostprocessing = 0;
			shellPath = /bin/sh;
			shellScript = "diff \"${PODS_ROOT}/../Podfile.lock\" \"${PODS_ROOT}/Manifest.lock\" > /dev/null\nif [[ $? != 0 ]] ; then\n    cat << EOM\nerror: The sandbox is not in sync with the Podfile.lock. Run 'pod install' or update your CocoaPods installation.\nEOM\n    exit 1\nfi\n";
			showEnvVarsInLog = 0;
		};
		188C8F907E33846644757FAE /* [CP] Embed Pods Frameworks */ = {
			isa = PBXShellScriptBuildPhase;
			buildActionMask = 2147483647;
			files = (
			);
			inputPaths = (
			);
			name = "[CP] Embed Pods Frameworks";
			outputPaths = (
			);
			runOnlyForDeploymentPostprocessing = 0;
			shellPath = /bin/sh;
			shellScript = "\"${SRCROOT}/Pods/Target Support Files/Pods-Firebase Test 1/Pods-Firebase Test 1-frameworks.sh\"\n";
			showEnvVarsInLog = 0;
		};
		3EC843A5A3A5C3475E364992 /* [CP] Copy Pods Resources */ = {
			isa = PBXShellScriptBuildPhase;
			buildActionMask = 2147483647;
			files = (
			);
			inputPaths = (
			);
			name = "[CP] Copy Pods Resources";
			outputPaths = (
			);
			runOnlyForDeploymentPostprocessing = 0;
			shellPath = /bin/sh;
			shellScript = "\"${SRCROOT}/Pods/Target Support Files/Pods-Firebase Test 1Tests/Pods-Firebase Test 1Tests-resources.sh\"\n";
			showEnvVarsInLog = 0;
		};
		7BF0D524BFF69BA1EDF336D1 /* [CP] Check Pods Manifest.lock */ = {
			isa = PBXShellScriptBuildPhase;
			buildActionMask = 2147483647;
			files = (
			);
			inputPaths = (
			);
			name = "[CP] Check Pods Manifest.lock";
			outputPaths = (
			);
			runOnlyForDeploymentPostprocessing = 0;
			shellPath = /bin/sh;
			shellScript = "diff \"${PODS_ROOT}/../Podfile.lock\" \"${PODS_ROOT}/Manifest.lock\" > /dev/null\nif [[ $? != 0 ]] ; then\n    cat << EOM\nerror: The sandbox is not in sync with the Podfile.lock. Run 'pod install' or update your CocoaPods installation.\nEOM\n    exit 1\nfi\n";
			showEnvVarsInLog = 0;
		};
		8B9B18592E1E20A2FFEC3B75 /* [CP] Copy Pods Resources */ = {
			isa = PBXShellScriptBuildPhase;
			buildActionMask = 2147483647;
			files = (
			);
			inputPaths = (
			);
			name = "[CP] Copy Pods Resources";
			outputPaths = (
			);
			runOnlyForDeploymentPostprocessing = 0;
			shellPath = /bin/sh;
			shellScript = "\"${SRCROOT}/Pods/Target Support Files/Pods-Firebase Test 1/Pods-Firebase Test 1-resources.sh\"\n";
			showEnvVarsInLog = 0;
		};
		8F820B4DF2E058F2619FD486 /* [CP] Check Pods Manifest.lock */ = {
			isa = PBXShellScriptBuildPhase;
			buildActionMask = 2147483647;
			files = (
			);
			inputPaths = (
			);
			name = "[CP] Check Pods Manifest.lock";
			outputPaths = (
			);
			runOnlyForDeploymentPostprocessing = 0;
			shellPath = /bin/sh;
			shellScript = "diff \"${PODS_ROOT}/../Podfile.lock\" \"${PODS_ROOT}/Manifest.lock\" > /dev/null\nif [[ $? != 0 ]] ; then\n    cat << EOM\nerror: The sandbox is not in sync with the Podfile.lock. Run 'pod install' or update your CocoaPods installation.\nEOM\n    exit 1\nfi\n";
			showEnvVarsInLog = 0;
		};
		B2D12153525BD48B33788405 /* [CP] Copy Pods Resources */ = {
			isa = PBXShellScriptBuildPhase;
			buildActionMask = 2147483647;
			files = (
			);
			inputPaths = (
			);
			name = "[CP] Copy Pods Resources";
			outputPaths = (
			);
			runOnlyForDeploymentPostprocessing = 0;
			shellPath = /bin/sh;
			shellScript = "\"${SRCROOT}/Pods/Target Support Files/Pods-Firebase Test 1UITests/Pods-Firebase Test 1UITests-resources.sh\"\n";
			showEnvVarsInLog = 0;
		};
		B508D2116C0F3DBB6E9320F5 /* [CP] Embed Pods Frameworks */ = {
			isa = PBXShellScriptBuildPhase;
			buildActionMask = 2147483647;
			files = (
			);
			inputPaths = (
			);
			name = "[CP] Embed Pods Frameworks";
			outputPaths = (
			);
			runOnlyForDeploymentPostprocessing = 0;
			shellPath = /bin/sh;
			shellScript = "\"${SRCROOT}/Pods/Target Support Files/Pods-Firebase Test 1Tests/Pods-Firebase Test 1Tests-frameworks.sh\"\n";
			showEnvVarsInLog = 0;
		};
/* End PBXShellScriptBuildPhase section */

/* Begin PBXSourcesBuildPhase section */
		B99DB7AD1D19C1A50027C97A /* Sources */ = {
			isa = PBXSourcesBuildPhase;
			buildActionMask = 2147483647;
			files = (
				B99DB7B71D19C1A50027C97A /* ViewController.swift in Sources */,
				B99DB7B51D19C1A50027C97A /* AppDelegate.swift in Sources */,
			);
			runOnlyForDeploymentPostprocessing = 0;
		};
		B99DB7C11D19C1A50027C97A /* Sources */ = {
			isa = PBXSourcesBuildPhase;
			buildActionMask = 2147483647;
			files = (
				B99DB7CA1D19C1A50027C97A /* Firebase_Test_1Tests.swift in Sources */,
			);
			runOnlyForDeploymentPostprocessing = 0;
		};
		B99DB7CC1D19C1A50027C97A /* Sources */ = {
			isa = PBXSourcesBuildPhase;
			buildActionMask = 2147483647;
			files = (
				B99DB7D51D19C1A50027C97A /* Firebase_Test_1UITests.swift in Sources */,
			);
			runOnlyForDeploymentPostprocessing = 0;
		};
/* End PBXSourcesBuildPhase section */

/* Begin PBXTargetDependency section */
		B99DB7C71D19C1A50027C97A /* PBXTargetDependency */ = {
			isa = PBXTargetDependency;
			target = B99DB7B01D19C1A50027C97A /* Firebase Test 1 */;
			targetProxy = B99DB7C61D19C1A50027C97A /* PBXContainerItemProxy */;
		};
		B99DB7D21D19C1A50027C97A /* PBXTargetDependency */ = {
			isa = PBXTargetDependency;
			target = B99DB7B01D19C1A50027C97A /* Firebase Test 1 */;
			targetProxy = B99DB7D11D19C1A50027C97A /* PBXContainerItemProxy */;
		};
/* End PBXTargetDependency section */

/* Begin PBXVariantGroup section */
		B99DB7B81D19C1A50027C97A /* Main.storyboard */ = {
			isa = PBXVariantGroup;
			children = (
				B99DB7B91D19C1A50027C97A /* Base */,
			);
			name = Main.storyboard;
			sourceTree = "<group>";
		};
		B99DB7BD1D19C1A50027C97A /* LaunchScreen.storyboard */ = {
			isa = PBXVariantGroup;
			children = (
				B99DB7BE1D19C1A50027C97A /* Base */,
			);
			name = LaunchScreen.storyboard;
			sourceTree = "<group>";
		};
/* End PBXVariantGroup section */

/* Begin XCBuildConfiguration section */
		B99DB7D71D19C1A50027C97A /* Debug */ = {
			isa = XCBuildConfiguration;
			buildSettings = {
				ALWAYS_SEARCH_USER_PATHS = NO;
				CLANG_ANALYZER_NONNULL = YES;
				CLANG_CXX_LANGUAGE_STANDARD = "gnu++0x";
				CLANG_CXX_LIBRARY = "libc++";
				CLANG_ENABLE_MODULES = YES;
				CLANG_ENABLE_OBJC_ARC = YES;
				CLANG_WARN_BOOL_CONVERSION = YES;
				CLANG_WARN_CONSTANT_CONVERSION = YES;
				CLANG_WARN_DIRECT_OBJC_ISA_USAGE = YES_ERROR;
				CLANG_WARN_EMPTY_BODY = YES;
				CLANG_WARN_ENUM_CONVERSION = YES;
				CLANG_WARN_INT_CONVERSION = YES;
				CLANG_WARN_OBJC_ROOT_CLASS = YES_ERROR;
				CLANG_WARN_UNREACHABLE_CODE = YES;
				CLANG_WARN__DUPLICATE_METHOD_MATCH = YES;
				"CODE_SIGN_IDENTITY[sdk=iphoneos*]" = "iPhone Developer";
				COPY_PHASE_STRIP = NO;
				DEBUG_INFORMATION_FORMAT = dwarf;
				ENABLE_BITCODE = NO;
				ENABLE_STRICT_OBJC_MSGSEND = YES;
				ENABLE_TESTABILITY = YES;
				GCC_C_LANGUAGE_STANDARD = gnu99;
				GCC_DYNAMIC_NO_PIC = NO;
				GCC_NO_COMMON_BLOCKS = YES;
				GCC_OPTIMIZATION_LEVEL = 0;
				GCC_PREPROCESSOR_DEFINITIONS = (
					"DEBUG=1",
					"$(inherited)",
				);
				GCC_WARN_64_TO_32_BIT_CONVERSION = YES;
				GCC_WARN_ABOUT_RETURN_TYPE = YES_ERROR;
				GCC_WARN_UNDECLARED_SELECTOR = YES;
				GCC_WARN_UNINITIALIZED_AUTOS = YES_AGGRESSIVE;
				GCC_WARN_UNUSED_FUNCTION = YES;
				GCC_WARN_UNUSED_VARIABLE = YES;
				IPHONEOS_DEPLOYMENT_TARGET = 9.3;
				MTL_ENABLE_DEBUG_INFO = YES;
				ONLY_ACTIVE_ARCH = YES;
				SDKROOT = iphoneos;
				SWIFT_OPTIMIZATION_LEVEL = "-Onone";
			};
			name = Debug;
		};
		B99DB7D81D19C1A50027C97A /* Release */ = {
			isa = XCBuildConfiguration;
			buildSettings = {
				ALWAYS_SEARCH_USER_PATHS = NO;
				CLANG_ANALYZER_NONNULL = YES;
				CLANG_CXX_LANGUAGE_STANDARD = "gnu++0x";
				CLANG_CXX_LIBRARY = "libc++";
				CLANG_ENABLE_MODULES = YES;
				CLANG_ENABLE_OBJC_ARC = YES;
				CLANG_WARN_BOOL_CONVERSION = YES;
				CLANG_WARN_CONSTANT_CONVERSION = YES;
				CLANG_WARN_DIRECT_OBJC_ISA_USAGE = YES_ERROR;
				CLANG_WARN_EMPTY_BODY = YES;
				CLANG_WARN_ENUM_CONVERSION = YES;
				CLANG_WARN_INT_CONVERSION = YES;
				CLANG_WARN_OBJC_ROOT_CLASS = YES_ERROR;
				CLANG_WARN_UNREACHABLE_CODE = YES;
				CLANG_WARN__DUPLICATE_METHOD_MATCH = YES;
				"CODE_SIGN_IDENTITY[sdk=iphoneos*]" = "iPhone Developer";
				COPY_PHASE_STRIP = NO;
				DEBUG_INFORMATION_FORMAT = "dwarf-with-dsym";
				ENABLE_BITCODE = NO;
				ENABLE_NS_ASSERTIONS = NO;
				ENABLE_STRICT_OBJC_MSGSEND = YES;
				GCC_C_LANGUAGE_STANDARD = gnu99;
				GCC_NO_COMMON_BLOCKS = YES;
				GCC_WARN_64_TO_32_BIT_CONVERSION = YES;
				GCC_WARN_ABOUT_RETURN_TYPE = YES_ERROR;
				GCC_WARN_UNDECLARED_SELECTOR = YES;
				GCC_WARN_UNINITIALIZED_AUTOS = YES_AGGRESSIVE;
				GCC_WARN_UNUSED_FUNCTION = YES;
				GCC_WARN_UNUSED_VARIABLE = YES;
				IPHONEOS_DEPLOYMENT_TARGET = 9.3;
				MTL_ENABLE_DEBUG_INFO = NO;
				SDKROOT = iphoneos;
				VALIDATE_PRODUCT = YES;
			};
			name = Release;
		};
		B99DB7DA1D19C1A50027C97A /* Debug */ = {
			isa = XCBuildConfiguration;
			baseConfigurationReference = ADA368B61BE452125D0823B3 /* Pods-Firebase Test 1.debug.xcconfig */;
			buildSettings = {
				ASSETCATALOG_COMPILER_APPICON_NAME = AppIcon;
				CODE_SIGN_IDENTITY = "iPhone Developer";
				ENABLE_BITCODE = NO;
				INFOPLIST_FILE = "Firebase Test 1/Info.plist";
				IPHONEOS_DEPLOYMENT_TARGET = 7.0;
				LD_RUNPATH_SEARCH_PATHS = "$(inherited) @executable_path/Frameworks";
				PRODUCT_BUNDLE_IDENTIFIER = "yn.Firebase-Test-1";
				PRODUCT_NAME = "$(TARGET_NAME)";
			};
			name = Debug;
		};
		B99DB7DB1D19C1A50027C97A /* Release */ = {
			isa = XCBuildConfiguration;
			baseConfigurationReference = CF5994B23BFF3FDCB3F560E7 /* Pods-Firebase Test 1.release.xcconfig */;
			buildSettings = {
				ASSETCATALOG_COMPILER_APPICON_NAME = AppIcon;
				CODE_SIGN_IDENTITY = "iPhone Developer";
				ENABLE_BITCODE = NO;
				INFOPLIST_FILE = "Firebase Test 1/Info.plist";
				IPHONEOS_DEPLOYMENT_TARGET = 7.0;
				LD_RUNPATH_SEARCH_PATHS = "$(inherited) @executable_path/Frameworks";
				PRODUCT_BUNDLE_IDENTIFIER = "yn.Firebase-Test-1";
				PRODUCT_NAME = "$(TARGET_NAME)";
			};
			name = Release;
		};
		B99DB7DD1D19C1A50027C97A /* Debug */ = {
			isa = XCBuildConfiguration;
			baseConfigurationReference = DE65F5F2F796DAB5CD4C351F /* Pods-Firebase Test 1Tests.debug.xcconfig */;
			buildSettings = {
				BUNDLE_LOADER = "$(TEST_HOST)";
				INFOPLIST_FILE = "Firebase Test 1Tests/Info.plist";
				LD_RUNPATH_SEARCH_PATHS = "$(inherited) @executable_path/Frameworks @loader_path/Frameworks";
				PRODUCT_BUNDLE_IDENTIFIER = "yn.Firebase-Test-1Tests";
				PRODUCT_NAME = "$(TARGET_NAME)";
				TEST_HOST = "$(BUILT_PRODUCTS_DIR)/Firebase Test 1.app/Firebase Test 1";
			};
			name = Debug;
		};
		B99DB7DE1D19C1A50027C97A /* Release */ = {
			isa = XCBuildConfiguration;
			baseConfigurationReference = 298272A7E6CBD2C64242337F /* Pods-Firebase Test 1Tests.release.xcconfig */;
			buildSettings = {
				BUNDLE_LOADER = "$(TEST_HOST)";
				INFOPLIST_FILE = "Firebase Test 1Tests/Info.plist";
				LD_RUNPATH_SEARCH_PATHS = "$(inherited) @executable_path/Frameworks @loader_path/Frameworks";
				PRODUCT_BUNDLE_IDENTIFIER = "yn.Firebase-Test-1Tests";
				PRODUCT_NAME = "$(TARGET_NAME)";
				TEST_HOST = "$(BUILT_PRODUCTS_DIR)/Firebase Test 1.app/Firebase Test 1";
			};
			name = Release;
		};
		B99DB7E01D19C1A50027C97A /* Debug */ = {
			isa = XCBuildConfiguration;
			baseConfigurationReference = A142F834905871EB7C676D89 /* Pods-Firebase Test 1UITests.debug.xcconfig */;
			buildSettings = {
				INFOPLIST_FILE = "Firebase Test 1UITests/Info.plist";
				LD_RUNPATH_SEARCH_PATHS = "$(inherited) @executable_path/Frameworks @loader_path/Frameworks";
				PRODUCT_BUNDLE_IDENTIFIER = "yn.Firebase-Test-1UITests";
				PRODUCT_NAME = "$(TARGET_NAME)";
				TEST_TARGET_NAME = "Firebase Test 1";
			};
			name = Debug;
		};
		B99DB7E11D19C1A50027C97A /* Release */ = {
			isa = XCBuildConfiguration;
			baseConfigurationReference = 49811707204845B94F575897 /* Pods-Firebase Test 1UITests.release.xcconfig */;
			buildSettings = {
				INFOPLIST_FILE = "Firebase Test 1UITests/Info.plist";
				LD_RUNPATH_SEARCH_PATHS = "$(inherited) @executable_path/Frameworks @loader_path/Frameworks";
				PRODUCT_BUNDLE_IDENTIFIER = "yn.Firebase-Test-1UITests";
				PRODUCT_NAME = "$(TARGET_NAME)";
				TEST_TARGET_NAME = "Firebase Test 1";
			};
			name = Release;
		};
/* End XCBuildConfiguration section */

/* Begin XCConfigurationList section */
		B99DB7AC1D19C1A50027C97A /* Build configuration list for PBXProject "Firebase Test 1" */ = {
			isa = XCConfigurationList;
			buildConfigurations = (
				B99DB7D71D19C1A50027C97A /* Debug */,
				B99DB7D81D19C1A50027C97A /* Release */,
			);
			defaultConfigurationIsVisible = 0;
			defaultConfigurationName = Release;
		};
		B99DB7D91D19C1A50027C97A /* Build configuration list for PBXNativeTarget "Firebase Test 1" */ = {
			isa = XCConfigurationList;
			buildConfigurations = (
				B99DB7DA1D19C1A50027C97A /* Debug */,
				B99DB7DB1D19C1A50027C97A /* Release */,
			);
			defaultConfigurationIsVisible = 0;
			defaultConfigurationName = Release;
		};
		B99DB7DC1D19C1A50027C97A /* Build configuration list for PBXNativeTarget "Firebase Test 1Tests" */ = {
			isa = XCConfigurationList;
			buildConfigurations = (
				B99DB7DD1D19C1A50027C97A /* Debug */,
				B99DB7DE1D19C1A50027C97A /* Release */,
			);
			defaultConfigurationIsVisible = 0;
			defaultConfigurationName = Release;
		};
		B99DB7DF1D19C1A50027C97A /* Build configuration list for PBXNativeTarget "Firebase Test 1UITests" */ = {
			isa = XCConfigurationList;
			buildConfigurations = (
				B99DB7E01D19C1A50027C97A /* Debug */,
				B99DB7E11D19C1A50027C97A /* Release */,
			);
			defaultConfigurationIsVisible = 0;
			defaultConfigurationName = Release;
		};
/* End XCConfigurationList section */
	};
	rootObject = B99DB7A91D19C1A50027C97A /* Project object */;
}
